PODS:
  - GVUserDefaults (1.0.2)
  - IMKitSDK (0.0.42):
    - GVUserDefaults (~> 1.0.2)
    - JSONModel (~> 1.2.0)
    - LOAlertController (~> 0.1.3)
    - LOUIKit (= 0.1.5)
    - Socket.IO-Client-Swift (~> 6.0.0)
    - UITableView+FDTemplateLayoutCell (~> 1.4)
    - YYWebImage (~> 1.0)
  - JSONModel (1.2.0)
  - LOAlertController (0.1.3)
  - LOUIKit (0.1.5)
  - Socket.IO-Client-Swift (6.0.0)
  - UITableView+FDTemplateLayoutCell (1.4)
  - YYCache (1.0.3)
  - YYImage (1.0.1):
    - YYImage/Core (= 1.0.1)
  - YYImage/Core (1.0.1)
  - YYWebImage (1.0.3):
    - YYCache
    - YYImage

DEPENDENCIES:
  - IMKitSDK (from `../`)

EXTERNAL SOURCES:
  IMKitSDK:
    :path: ../

SPEC CHECKSUMS:
  GVUserDefaults: 52d48cf8ba578b40a1a76312b196dfc9134ba36a
  IMKitSDK: 4665c57d0362de0440654a15de3a9be5615e8386
  JSONModel: 12523685c4b623553ccf844bbbf7007624317b2c
  LOAlertController: 07807abba5008ee858787116003d2471d7a8cfd1
  LOUIKit: 5dc6459a9bcd3bca7cfaeb9f89b8efa0c2d42e45
  Socket.IO-Client-Swift: 014fe27dbb8d9d359d09b482309421fb4eccc16c
  UITableView+FDTemplateLayoutCell: 234e1582bcc4e18461af91155123bb96538ed030
  YYCache: 282f35b5b0990833d0b7a06d864a87141a021da2
  YYImage: b41b45bc5f32bfcdf67bdfb9c09da9e9832357c0
  YYWebImage: 8da75a611fd0d2e0f58a273f9ca0bc731614cb0d

COCOAPODS: 0.39.0
